// !$*UTF8*$!
{
	archiveVersion = 1;
	classes = {
	};
	objectVersion = 51;
	objects = {

/* Begin PBXBuildFile section */
		5300A47B24F11770004F6191 /* LocationManager.swift in Sources */ = {isa = PBXBuildFile; fileRef = 5300A47A24F11770004F6191 /* LocationManager.swift */; };
		534099E224EA5B6D00D216C1 /* Service.swift in Sources */ = {isa = PBXBuildFile; fileRef = 534099E124EA5B6D00D216C1 /* Service.swift */; };
		534099E424EA676400D216C1 /* User.swift in Sources */ = {isa = PBXBuildFile; fileRef = 534099E324EA676400D216C1 /* User.swift */; };
		53464DB224E80CC40042CBAF /* LocationInputView.swift in Sources */ = {isa = PBXBuildFile; fileRef = 53464DB124E80CC40042CBAF /* LocationInputView.swift */; };
		53740E9D24E9AE8D00DB4213 /* DestinationTableViewCell.swift in Sources */ = {isa = PBXBuildFile; fileRef = 53740E9C24E9AE8D00DB4213 /* DestinationTableViewCell.swift */; };
		53EA4B3424E5194400EC669A /* AppDelegate.swift in Sources */ = {isa = PBXBuildFile; fileRef = 53EA4B3324E5194400EC669A /* AppDelegate.swift */; };
		53EA4B3624E5194400EC669A /* SceneDelegate.swift in Sources */ = {isa = PBXBuildFile; fileRef = 53EA4B3524E5194400EC669A /* SceneDelegate.swift */; };
		53EA4B3D24E5194D00EC669A /* Assets.xcassets in Resources */ = {isa = PBXBuildFile; fileRef = 53EA4B3C24E5194D00EC669A /* Assets.xcassets */; };
		53EA4B4024E5194D00EC669A /* LaunchScreen.storyboard in Resources */ = {isa = PBXBuildFile; fileRef = 53EA4B3E24E5194D00EC669A /* LaunchScreen.storyboard */; };
		53EA4B4E24E51C0F00EC669A /* LoginVC.swift in Sources */ = {isa = PBXBuildFile; fileRef = 53EA4B4D24E51C0F00EC669A /* LoginVC.swift */; };
		53EA4B5124E5217600EC669A /* UIView.swift in Sources */ = {isa = PBXBuildFile; fileRef = 53EA4B5024E5217600EC669A /* UIView.swift */; };
		53EA4B5324E52A9200EC669A /* UITextField.swift in Sources */ = {isa = PBXBuildFile; fileRef = 53EA4B5224E52A9200EC669A /* UITextField.swift */; };
		53EA4B5524E5535100EC669A /* SignUpVC.swift in Sources */ = {isa = PBXBuildFile; fileRef = 53EA4B5424E5535100EC669A /* SignUpVC.swift */; };
		53EA4B5724E5643B00EC669A /* UIColor.swift in Sources */ = {isa = PBXBuildFile; fileRef = 53EA4B5624E5643B00EC669A /* UIColor.swift */; };
		53EA4B5924E56E8200EC669A /* AuthButton.swift in Sources */ = {isa = PBXBuildFile; fileRef = 53EA4B5824E56E8200EC669A /* AuthButton.swift */; };
		53EA4B5B24E5907900EC669A /* GoogleService-Info.plist in Resources */ = {isa = PBXBuildFile; fileRef = 53EA4B5A24E5907800EC669A /* GoogleService-Info.plist */; };
		53EA4B5D24E676CB00EC669A /* HomeVC.swift in Sources */ = {isa = PBXBuildFile; fileRef = 53EA4B5C24E676CB00EC669A /* HomeVC.swift */; };
		53EA4B5F24E6ABD200EC669A /* LocationInputIndicationView.swift in Sources */ = {isa = PBXBuildFile; fileRef = 53EA4B5E24E6ABD200EC669A /* LocationInputIndicationView.swift */; };
		CBFDFF281F73BDE9FC9DC9E0 /* Pods_Uber_Clone_iOS.framework in Frameworks */ = {isa = PBXBuildFile; fileRef = DF6BE71DB8DABFAEB88D3D8B /* Pods_Uber_Clone_iOS.framework */; };
/* End PBXBuildFile section */

/* Begin PBXFileReference section */
		317F8E748BFEABA5237ACC85 /* Pods-Uber-Clone-iOS.release.xcconfig */ = {isa = PBXFileReference; includeInIndex = 1; lastKnownFileType = text.xcconfig; name = "Pods-Uber-Clone-iOS.release.xcconfig"; path = "Target Support Files/Pods-Uber-Clone-iOS/Pods-Uber-Clone-iOS.release.xcconfig"; sourceTree = "<group>"; };
		5300A47A24F11770004F6191 /* LocationManager.swift */ = {isa = PBXFileReference; lastKnownFileType = sourcecode.swift; path = LocationManager.swift; sourceTree = "<group>"; };
		534099E124EA5B6D00D216C1 /* Service.swift */ = {isa = PBXFileReference; lastKnownFileType = sourcecode.swift; path = Service.swift; sourceTree = "<group>"; };
		534099E324EA676400D216C1 /* User.swift */ = {isa = PBXFileReference; lastKnownFileType = sourcecode.swift; path = User.swift; sourceTree = "<group>"; };
		53464DB124E80CC40042CBAF /* LocationInputView.swift */ = {isa = PBXFileReference; lastKnownFileType = sourcecode.swift; path = LocationInputView.swift; sourceTree = "<group>"; };
		53740E9C24E9AE8D00DB4213 /* DestinationTableViewCell.swift */ = {isa = PBXFileReference; lastKnownFileType = sourcecode.swift; path = DestinationTableViewCell.swift; sourceTree = "<group>"; };
		53EA4B3024E5194400EC669A /* Uber-Clone-iOS.app */ = {isa = PBXFileReference; explicitFileType = wrapper.application; includeInIndex = 0; path = "Uber-Clone-iOS.app"; sourceTree = BUILT_PRODUCTS_DIR; };
		53EA4B3324E5194400EC669A /* AppDelegate.swift */ = {isa = PBXFileReference; lastKnownFileType = sourcecode.swift; path = AppDelegate.swift; sourceTree = "<group>"; };
		53EA4B3524E5194400EC669A /* SceneDelegate.swift */ = {isa = PBXFileReference; lastKnownFileType = sourcecode.swift; path = SceneDelegate.swift; sourceTree = "<group>"; };
		53EA4B3C24E5194D00EC669A /* Assets.xcassets */ = {isa = PBXFileReference; lastKnownFileType = folder.assetcatalog; path = Assets.xcassets; sourceTree = "<group>"; };
		53EA4B3F24E5194D00EC669A /* Base */ = {isa = PBXFileReference; lastKnownFileType = file.storyboard; name = Base; path = Base.lproj/LaunchScreen.storyboard; sourceTree = "<group>"; };
		53EA4B4124E5194D00EC669A /* Info.plist */ = {isa = PBXFileReference; lastKnownFileType = text.plist.xml; path = Info.plist; sourceTree = "<group>"; };
		53EA4B4D24E51C0F00EC669A /* LoginVC.swift */ = {isa = PBXFileReference; lastKnownFileType = sourcecode.swift; path = LoginVC.swift; sourceTree = "<group>"; };
		53EA4B5024E5217600EC669A /* UIView.swift */ = {isa = PBXFileReference; lastKnownFileType = sourcecode.swift; path = UIView.swift; sourceTree = "<group>"; };
		53EA4B5224E52A9200EC669A /* UITextField.swift */ = {isa = PBXFileReference; lastKnownFileType = sourcecode.swift; path = UITextField.swift; sourceTree = "<group>"; };
		53EA4B5424E5535100EC669A /* SignUpVC.swift */ = {isa = PBXFileReference; lastKnownFileType = sourcecode.swift; path = SignUpVC.swift; sourceTree = "<group>"; };
		53EA4B5624E5643B00EC669A /* UIColor.swift */ = {isa = PBXFileReference; lastKnownFileType = sourcecode.swift; path = UIColor.swift; sourceTree = "<group>"; };
		53EA4B5824E56E8200EC669A /* AuthButton.swift */ = {isa = PBXFileReference; lastKnownFileType = sourcecode.swift; path = AuthButton.swift; sourceTree = "<group>"; };
		53EA4B5A24E5907800EC669A /* GoogleService-Info.plist */ = {isa = PBXFileReference; fileEncoding = 4; lastKnownFileType = text.plist.xml; path = "GoogleService-Info.plist"; sourceTree = "<group>"; };
		53EA4B5C24E676CB00EC669A /* HomeVC.swift */ = {isa = PBXFileReference; lastKnownFileType = sourcecode.swift; path = HomeVC.swift; sourceTree = "<group>"; };
		53EA4B5E24E6ABD200EC669A /* LocationInputIndicationView.swift */ = {isa = PBXFileReference; lastKnownFileType = sourcecode.swift; path = LocationInputIndicationView.swift; sourceTree = "<group>"; };
		B982EE5F906E20B99FF082AF /* Pods-Uber-Clone-iOS.debug.xcconfig */ = {isa = PBXFileReference; includeInIndex = 1; lastKnownFileType = text.xcconfig; name = "Pods-Uber-Clone-iOS.debug.xcconfig"; path = "Target Support Files/Pods-Uber-Clone-iOS/Pods-Uber-Clone-iOS.debug.xcconfig"; sourceTree = "<group>"; };
		DF6BE71DB8DABFAEB88D3D8B /* Pods_Uber_Clone_iOS.framework */ = {isa = PBXFileReference; explicitFileType = wrapper.framework; includeInIndex = 0; path = Pods_Uber_Clone_iOS.framework; sourceTree = BUILT_PRODUCTS_DIR; };
/* End PBXFileReference section */

/* Begin PBXFrameworksBuildPhase section */
		53EA4B2D24E5194400EC669A /* Frameworks */ = {
			isa = PBXFrameworksBuildPhase;
			buildActionMask = 2147483647;
			files = (
				CBFDFF281F73BDE9FC9DC9E0 /* Pods_Uber_Clone_iOS.framework in Frameworks */,
			);
			runOnlyForDeploymentPostprocessing = 0;
		};
/* End PBXFrameworksBuildPhase section */

/* Begin PBXGroup section */
		53EA4B2724E5194400EC669A = {
			isa = PBXGroup;
			children = (
				53EA4B3224E5194400EC669A /* Uber-Clone-iOS */,
				53EA4B3124E5194400EC669A /* Products */,
				FAD5468D0168A7F86FB45402 /* Pods */,
				98E8FD1F9415CB01D4429528 /* Frameworks */,
			);
			sourceTree = "<group>";
		};
		53EA4B3124E5194400EC669A /* Products */ = {
			isa = PBXGroup;
			children = (
				53EA4B3024E5194400EC669A /* Uber-Clone-iOS.app */,
			);
			name = Products;
			sourceTree = "<group>";
		};
		53EA4B3224E5194400EC669A /* Uber-Clone-iOS */ = {
			isa = PBXGroup;
			children = (
				53EA4B4B24E5198300EC669A /* Model */,
				53EA4B4A24E5198100EC669A /* View */,
				53EA4B4924E5197B00EC669A /* Controller */,
				53EA4B4F24E520D000EC669A /* Extensions */,
				53EA4B4C24E519A300EC669A /* Service */,
				53EA4B4724E5196600EC669A /* Utils */,
				53EA4B3324E5194400EC669A /* AppDelegate.swift */,
				53EA4B3524E5194400EC669A /* SceneDelegate.swift */,
				53EA4B5A24E5907800EC669A /* GoogleService-Info.plist */,
				53EA4B3C24E5194D00EC669A /* Assets.xcassets */,
				53EA4B3E24E5194D00EC669A /* LaunchScreen.storyboard */,
				53EA4B4124E5194D00EC669A /* Info.plist */,
			);
			path = "Uber-Clone-iOS";
			sourceTree = "<group>";
		};
		53EA4B4724E5196600EC669A /* Utils */ = {
			isa = PBXGroup;
			children = (
			);
			path = Utils;
			sourceTree = "<group>";
		};
		53EA4B4924E5197B00EC669A /* Controller */ = {
			isa = PBXGroup;
			children = (
				53EA4B4D24E51C0F00EC669A /* LoginVC.swift */,
				53EA4B5424E5535100EC669A /* SignUpVC.swift */,
				53EA4B5C24E676CB00EC669A /* HomeVC.swift */,
			);
			path = Controller;
			sourceTree = "<group>";
		};
		53EA4B4A24E5198100EC669A /* View */ = {
			isa = PBXGroup;
			children = (
				53EA4B5824E56E8200EC669A /* AuthButton.swift */,
				53464DB124E80CC40042CBAF /* LocationInputView.swift */,
				53EA4B5E24E6ABD200EC669A /* LocationInputIndicationView.swift */,
				53740E9C24E9AE8D00DB4213 /* DestinationTableViewCell.swift */,
			);
			path = View;
			sourceTree = "<group>";
		};
		53EA4B4B24E5198300EC669A /* Model */ = {
			isa = PBXGroup;
			children = (
				534099E324EA676400D216C1 /* User.swift */,
			);
			path = Model;
			sourceTree = "<group>";
		};
		53EA4B4C24E519A300EC669A /* Service */ = {
			isa = PBXGroup;
			children = (
				534099E124EA5B6D00D216C1 /* Service.swift */,
				5300A47A24F11770004F6191 /* LocationManager.swift */,
			);
			path = Service;
			sourceTree = "<group>";
		};
		53EA4B4F24E520D000EC669A /* Extensions */ = {
			isa = PBXGroup;
			children = (
				53EA4B5024E5217600EC669A /* UIView.swift */,
				53EA4B5224E52A9200EC669A /* UITextField.swift */,
				53EA4B5624E5643B00EC669A /* UIColor.swift */,
			);
			path = Extensions;
			sourceTree = "<group>";
		};
		98E8FD1F9415CB01D4429528 /* Frameworks */ = {
			isa = PBXGroup;
			children = (
				DF6BE71DB8DABFAEB88D3D8B /* Pods_Uber_Clone_iOS.framework */,
			);
			name = Frameworks;
			sourceTree = "<group>";
		};
		FAD5468D0168A7F86FB45402 /* Pods */ = {
			isa = PBXGroup;
			children = (
				B982EE5F906E20B99FF082AF /* Pods-Uber-Clone-iOS.debug.xcconfig */,
				317F8E748BFEABA5237ACC85 /* Pods-Uber-Clone-iOS.release.xcconfig */,
			);
			path = Pods;
			sourceTree = "<group>";
		};
/* End PBXGroup section */

/* Begin PBXNativeTarget section */
		53EA4B2F24E5194400EC669A /* Uber-Clone-iOS */ = {
			isa = PBXNativeTarget;
			buildConfigurationList = 53EA4B4424E5194D00EC669A /* Build configuration list for PBXNativeTarget "Uber-Clone-iOS" */;
			buildPhases = (
				93DA6E2726BBB93CC7AE8B3D /* [CP] Check Pods Manifest.lock */,
				53EA4B2C24E5194400EC669A /* Sources */,
				53EA4B2D24E5194400EC669A /* Frameworks */,
				53EA4B2E24E5194400EC669A /* Resources */,
				FC254B5085BFED37C267D4F0 /* [CP] Embed Pods Frameworks */,
			);
			buildRules = (
			);
			dependencies = (
			);
			name = "Uber-Clone-iOS";
			productName = "Uber-Clone-iOS";
			productReference = 53EA4B3024E5194400EC669A /* Uber-Clone-iOS.app */;
			productType = "com.apple.product-type.application";
		};
/* End PBXNativeTarget section */

/* Begin PBXProject section */
		53EA4B2824E5194400EC669A /* Project object */ = {
			isa = PBXProject;
			attributes = {
				LastSwiftUpdateCheck = 1130;
				LastUpgradeCheck = 1130;
				ORGANIZATIONNAME = "Oleksandr Myronovych";
				TargetAttributes = {
					53EA4B2F24E5194400EC669A = {
						CreatedOnToolsVersion = 11.3.1;
					};
				};
			};
			buildConfigurationList = 53EA4B2B24E5194400EC669A /* Build configuration list for PBXProject "Uber-Clone-iOS" */;
			compatibilityVersion = "Xcode 9.3";
			developmentRegion = en;
			hasScannedForEncodings = 0;
			knownRegions = (
				en,
				Base,
			);
			mainGroup = 53EA4B2724E5194400EC669A;
			productRefGroup = 53EA4B3124E5194400EC669A /* Products */;
			projectDirPath = "";
			projectRoot = "";
			targets = (
				53EA4B2F24E5194400EC669A /* Uber-Clone-iOS */,
			);
		};
/* End PBXProject section */

/* Begin PBXResourcesBuildPhase section */
		53EA4B2E24E5194400EC669A /* Resources */ = {
			isa = PBXResourcesBuildPhase;
			buildActionMask = 2147483647;
			files = (
				53EA4B4024E5194D00EC669A /* LaunchScreen.storyboard in Resources */,
				53EA4B5B24E5907900EC669A /* GoogleService-Info.plist in Resources */,
				53EA4B3D24E5194D00EC669A /* Assets.xcassets in Resources */,
			);
			runOnlyForDeploymentPostprocessing = 0;
		};
/* End PBXResourcesBuildPhase section */

/* Begin PBXShellScriptBuildPhase section */
		93DA6E2726BBB93CC7AE8B3D /* [CP] Check Pods Manifest.lock */ = {
			isa = PBXShellScriptBuildPhase;
			buildActionMask = 2147483647;
			files = (
			);
			inputFileListPaths = (
			);
			inputPaths = (
				"${PODS_PODFILE_DIR_PATH}/Podfile.lock",
				"${PODS_ROOT}/Manifest.lock",
			);
			name = "[CP] Check Pods Manifest.lock";
			outputFileListPaths = (
			);
			outputPaths = (
				"$(DERIVED_FILE_DIR)/Pods-Uber-Clone-iOS-checkManifestLockResult.txt",
			);
			runOnlyForDeploymentPostprocessing = 0;
			shellPath = /bin/sh;
			shellScript = "diff \"${PODS_PODFILE_DIR_PATH}/Podfile.lock\" \"${PODS_ROOT}/Manifest.lock\" > /dev/null\nif [ $? != 0 ] ; then\n    # print error to STDERR\n    echo \"error: The sandbox is not in sync with the Podfile.lock. Run 'pod install' or update your CocoaPods installation.\" >&2\n    exit 1\nfi\n# This output is used by Xcode 'outputs' to avoid re-running this script phase.\necho \"SUCCESS\" > \"${SCRIPT_OUTPUT_FILE_0}\"\n";
			showEnvVarsInLog = 0;
		};
		FC254B5085BFED37C267D4F0 /* [CP] Embed Pods Frameworks */ = {
			isa = PBXShellScriptBuildPhase;
			buildActionMask = 2147483647;
			files = (
			);
			inputFileListPaths = (
				"${PODS_ROOT}/Target Support Files/Pods-Uber-Clone-iOS/Pods-Uber-Clone-iOS-frameworks-${CONFIGURATION}-input-files.xcfilelist",
			);
			name = "[CP] Embed Pods Frameworks";
			outputFileListPaths = (
				"${PODS_ROOT}/Target Support Files/Pods-Uber-Clone-iOS/Pods-Uber-Clone-iOS-frameworks-${CONFIGURATION}-output-files.xcfilelist",
			);
			runOnlyForDeploymentPostprocessing = 0;
			shellPath = /bin/sh;
			shellScript = "\"${PODS_ROOT}/Target Support Files/Pods-Uber-Clone-iOS/Pods-Uber-Clone-iOS-frameworks.sh\"\n";
			showEnvVarsInLog = 0;
		};
/* End PBXShellScriptBuildPhase section */

/* Begin PBXSourcesBuildPhase section */
		53EA4B2C24E5194400EC669A /* Sources */ = {
			isa = PBXSourcesBuildPhase;
			buildActionMask = 2147483647;
			files = (
				53EA4B3424E5194400EC669A /* AppDelegate.swift in Sources */,
				534099E224EA5B6D00D216C1 /* Service.swift in Sources */,
				5300A47B24F11770004F6191 /* LocationManager.swift in Sources */,
				53EA4B5924E56E8200EC669A /* AuthButton.swift in Sources */,
				53EA4B5724E5643B00EC669A /* UIColor.swift in Sources */,
				53EA4B5D24E676CB00EC669A /* HomeVC.swift in Sources */,
				53EA4B5F24E6ABD200EC669A /* LocationInputIndicationView.swift in Sources */,
				534099E424EA676400D216C1 /* User.swift in Sources */,
				53EA4B5324E52A9200EC669A /* UITextField.swift in Sources */,
				53740E9D24E9AE8D00DB4213 /* DestinationTableViewCell.swift in Sources */,
				53EA4B5124E5217600EC669A /* UIView.swift in Sources */,
				53EA4B3624E5194400EC669A /* SceneDelegate.swift in Sources */,
				53EA4B5524E5535100EC669A /* SignUpVC.swift in Sources */,
				53EA4B4E24E51C0F00EC669A /* LoginVC.swift in Sources */,
				53464DB224E80CC40042CBAF /* LocationInputView.swift in Sources */,
			);
			runOnlyForDeploymentPostprocessing = 0;
		};
/* End PBXSourcesBuildPhase section */

/* Begin PBXVariantGroup section */
		53EA4B3E24E5194D00EC669A /* LaunchScreen.storyboard */ = {
			isa = PBXVariantGroup;
			children = (
				53EA4B3F24E5194D00EC669A /* Base */,
			);
			name = LaunchScreen.storyboard;
			sourceTree = "<group>";
		};
/* End PBXVariantGroup section */

/* Begin XCBuildConfiguration section */
		53EA4B4224E5194D00EC669A /* Debug */ = {
			isa = XCBuildConfiguration;
			buildSettings = {
				ALWAYS_SEARCH_USER_PATHS = NO;
				CLANG_ANALYZER_NONNULL = YES;
				CLANG_ANALYZER_NUMBER_OBJECT_CONVERSION = YES_AGGRESSIVE;
				CLANG_CXX_LANGUAGE_STANDARD = "gnu++14";
				CLANG_CXX_LIBRARY = "libc++";
				CLANG_ENABLE_MODULES = YES;
				CLANG_ENABLE_OBJC_ARC = YES;
				CLANG_ENABLE_OBJC_WEAK = YES;
				CLANG_WARN_BLOCK_CAPTURE_AUTORELEASING = YES;
				CLANG_WARN_BOOL_CONVERSION = YES;
				CLANG_WARN_COMMA = YES;
				CLANG_WARN_CONSTANT_CONVERSION = YES;
				CLANG_WARN_DEPRECATED_OBJC_IMPLEMENTATIONS = YES;
				CLANG_WARN_DIRECT_OBJC_ISA_USAGE = YES_ERROR;
				CLANG_WARN_DOCUMENTATION_COMMENTS = YES;
				CLANG_WARN_EMPTY_BODY = YES;
				CLANG_WARN_ENUM_CONVERSION = YES;
				CLANG_WARN_INFINITE_RECURSION = YES;
				CLANG_WARN_INT_CONVERSION = YES;
				CLANG_WARN_NON_LITERAL_NULL_CONVERSION = YES;
				CLANG_WARN_OBJC_IMPLICIT_RETAIN_SELF = YES;
				CLANG_WARN_OBJC_LITERAL_CONVERSION = YES;
				CLANG_WARN_OBJC_ROOT_CLASS = YES_ERROR;
				CLANG_WARN_RANGE_LOOP_ANALYSIS = YES;
				CLANG_WARN_STRICT_PROTOTYPES = YES;
				CLANG_WARN_SUSPICIOUS_MOVE = YES;
				CLANG_WARN_UNGUARDED_AVAILABILITY = YES_AGGRESSIVE;
				CLANG_WARN_UNREACHABLE_CODE = YES;
				CLANG_WARN__DUPLICATE_METHOD_MATCH = YES;
				COPY_PHASE_STRIP = NO;
				DEBUG_INFORMATION_FORMAT = dwarf;
				ENABLE_STRICT_OBJC_MSGSEND = YES;
				ENABLE_TESTABILITY = YES;
				GCC_C_LANGUAGE_STANDARD = gnu11;
				GCC_DYNAMIC_NO_PIC = NO;
				GCC_NO_COMMON_BLOCKS = YES;
				GCC_OPTIMIZATION_LEVEL = 0;
				GCC_PREPROCESSOR_DEFINITIONS = (
					"DEBUG=1",
					"$(inherited)",
				);
				GCC_WARN_64_TO_32_BIT_CONVERSION = YES;
				GCC_WARN_ABOUT_RETURN_TYPE = YES_ERROR;
				GCC_WARN_UNDECLARED_SELECTOR = YES;
				GCC_WARN_UNINITIALIZED_AUTOS = YES_AGGRESSIVE;
				GCC_WARN_UNUSED_FUNCTION = YES;
				GCC_WARN_UNUSED_VARIABLE = YES;
				IPHONEOS_DEPLOYMENT_TARGET = 13.2;
				MTL_ENABLE_DEBUG_INFO = INCLUDE_SOURCE;
				MTL_FAST_MATH = YES;
				ONLY_ACTIVE_ARCH = YES;
				SDKROOT = iphoneos;
				SWIFT_ACTIVE_COMPILATION_CONDITIONS = DEBUG;
				SWIFT_OPTIMIZATION_LEVEL = "-Onone";
			};
			name = Debug;
		};
		53EA4B4324E5194D00EC669A /* Release */ = {
			isa = XCBuildConfiguration;
			buildSettings = {
				ALWAYS_SEARCH_USER_PATHS = NO;
				CLANG_ANALYZER_NONNULL = YES;
				CLANG_ANALYZER_NUMBER_OBJECT_CONVERSION = YES_AGGRESSIVE;
				CLANG_CXX_LANGUAGE_STANDARD = "gnu++14";
				CLANG_CXX_LIBRARY = "libc++";
				CLANG_ENABLE_MODULES = YES;
				CLANG_ENABLE_OBJC_ARC = YES;
				CLANG_ENABLE_OBJC_WEAK = YES;
				CLANG_WARN_BLOCK_CAPTURE_AUTORELEASING = YES;
				CLANG_WARN_BOOL_CONVERSION = YES;
				CLANG_WARN_COMMA = YES;
				CLANG_WARN_CONSTANT_CONVERSION = YES;
				CLANG_WARN_DEPRECATED_OBJC_IMPLEMENTATIONS = YES;
				CLANG_WARN_DIRECT_OBJC_ISA_USAGE = YES_ERROR;
				CLANG_WARN_DOCUMENTATION_COMMENTS = YES;
				CLANG_WARN_EMPTY_BODY = YES;
				CLANG_WARN_ENUM_CONVERSION = YES;
				CLANG_WARN_INFINITE_RECURSION = YES;
				CLANG_WARN_INT_CONVERSION = YES;
				CLANG_WARN_NON_LITERAL_NULL_CONVERSION = YES;
				CLANG_WARN_OBJC_IMPLICIT_RETAIN_SELF = YES;
				CLANG_WARN_OBJC_LITERAL_CONVERSION = YES;
				CLANG_WARN_OBJC_ROOT_CLASS = YES_ERROR;
				CLANG_WARN_RANGE_LOOP_ANALYSIS = YES;
				CLANG_WARN_STRICT_PROTOTYPES = YES;
				CLANG_WARN_SUSPICIOUS_MOVE = YES;
				CLANG_WARN_UNGUARDED_AVAILABILITY = YES_AGGRESSIVE;
				CLANG_WARN_UNREACHABLE_CODE = YES;
				CLANG_WARN__DUPLICATE_METHOD_MATCH = YES;
				COPY_PHASE_STRIP = NO;
				DEBUG_INFORMATION_FORMAT = "dwarf-with-dsym";
				ENABLE_NS_ASSERTIONS = NO;
				ENABLE_STRICT_OBJC_MSGSEND = YES;
				GCC_C_LANGUAGE_STANDARD = gnu11;
				GCC_NO_COMMON_BLOCKS = YES;
				GCC_WARN_64_TO_32_BIT_CONVERSION = YES;
				GCC_WARN_ABOUT_RETURN_TYPE = YES_ERROR;
				GCC_WARN_UNDECLARED_SELECTOR = YES;
				GCC_WARN_UNINITIALIZED_AUTOS = YES_AGGRESSIVE;
				GCC_WARN_UNUSED_FUNCTION = YES;
				GCC_WARN_UNUSED_VARIABLE = YES;
				IPHONEOS_DEPLOYMENT_TARGET = 13.2;
				MTL_ENABLE_DEBUG_INFO = NO;
				MTL_FAST_MATH = YES;
				SDKROOT = iphoneos;
				SWIFT_COMPILATION_MODE = wholemodule;
				SWIFT_OPTIMIZATION_LEVEL = "-O";
				VALIDATE_PRODUCT = YES;
			};
			name = Release;
		};
		53EA4B4524E5194D00EC669A /* Debug */ = {
			isa = XCBuildConfiguration;
			baseConfigurationReference = B982EE5F906E20B99FF082AF /* Pods-Uber-Clone-iOS.debug.xcconfig */;
			buildSettings = {
				ASSETCATALOG_COMPILER_APPICON_NAME = AppIcon;
				CODE_SIGN_STYLE = Automatic;
				DEVELOPMENT_TEAM = JV68FYXAF2;
				INFOPLIST_FILE = "Uber-Clone-iOS/Info.plist";
				LD_RUNPATH_SEARCH_PATHS = (
					"$(inherited)",
					"@executable_path/Frameworks",
				);
				PRODUCT_BUNDLE_IDENTIFIER = "me.Myronovych.Oleksandr.Uber-Clone-iOS";
				PRODUCT_NAME = "$(TARGET_NAME)";
				SWIFT_VERSION = 5.0;
				TARGETED_DEVICE_FAMILY = "1,2";
			};
			name = Debug;
		};
		53EA4B4624E5194D00EC669A /* Release */ = {
			isa = XCBuildConfiguration;
			baseConfigurationReference = 317F8E748BFEABA5237ACC85 /* Pods-Uber-Clone-iOS.release.xcconfig */;
			buildSettings = {
				ASSETCATALOG_COMPILER_APPICON_NAME = AppIcon;
				CODE_SIGN_STYLE = Automatic;
				DEVELOPMENT_TEAM = JV68FYXAF2;
				INFOPLIST_FILE = "Uber-Clone-iOS/Info.plist";
				LD_RUNPATH_SEARCH_PATHS = (
					"$(inherited)",
					"@executable_path/Frameworks",
				);
				PRODUCT_BUNDLE_IDENTIFIER = "me.Myronovych.Oleksandr.Uber-Clone-iOS";
				PRODUCT_NAME = "$(TARGET_NAME)";
				SWIFT_VERSION = 5.0;
				TARGETED_DEVICE_FAMILY = "1,2";
			};
			name = Release;
		};
/* End XCBuildConfiguration section */

/* Begin XCConfigurationList section */
		53EA4B2B24E5194400EC669A /* Build configuration list for PBXProject "Uber-Clone-iOS" */ = {
			isa = XCConfigurationList;
			buildConfigurations = (
				53EA4B4224E5194D00EC669A /* Debug */,
				53EA4B4324E5194D00EC669A /* Release */,
			);
			defaultConfigurationIsVisible = 0;
			defaultConfigurationName = Release;
		};
		53EA4B4424E5194D00EC669A /* Build configuration list for PBXNativeTarget "Uber-Clone-iOS" */ = {
			isa = XCConfigurationList;
			buildConfigurations = (
				53EA4B4524E5194D00EC669A /* Debug */,
				53EA4B4624E5194D00EC669A /* Release */,
			);
			defaultConfigurationIsVisible = 0;
			defaultConfigurationName = Release;
		};
/* End XCConfigurationList section */
	};
	rootObject = 53EA4B2824E5194400EC669A /* Project object */;
}
